
Microsoft Visual Studio Solution File, Format Version 12.00
# Visual Studio Version 17
VisualStudioVersion = 17.11.35219.272
MinimumVisualStudioVersion = 10.0.40219.1
Project("{9A19103F-16F7-4668-BE54-9A1E7A4F7556}") = "Sentirse Bien WebApp", "Sentirse Bien WebApp.csproj", "{2E1172D8-019F-402E-BE0F-FAEE0EEFD1DF}"
EndProject
Global
	GlobalSection(SolutionConfigurationPlatforms) = preSolution
		Debug|Any CPU = Debug|Any CPU
		Release|Any CPU = Release|Any CPU
	EndGlobalSection
	GlobalSection(ProjectConfigurationPlatforms) = postSolution
		{2E1172D8-019F-402E-BE0F-FAEE0EEFD1DF}.Debug|Any CPU.ActiveCfg = Debug|Any CPU
		{2E1172D8-019F-402E-BE0F-FAEE0EEFD1DF}.Debug|Any CPU.Build.0 = Debug|Any CPU
		{2E1172D8-019F-402E-BE0F-FAEE0EEFD1DF}.Release|Any CPU.ActiveCfg = Release|Any CPU
		{2E1172D8-019F-402E-BE0F-FAEE0EEFD1DF}.Release|Any CPU.Build.0 = Release|Any CPU
	EndGlobalSection
	GlobalSection(SolutionProperties) = preSolution
		HideSolutionNode = FALSE
	EndGlobalSection
	GlobalSection(ExtensibilityGlobals) = postSolution
		SolutionGuid = {AE063FA7-55C9-4CBC-837F-DAA224DEBF22}
	EndGlobalSection
EndGlobal
